
Microsoft Visual Studio Solution File, Format Version 12.00
# Visual Studio Version 17
VisualStudioVersion = 17.10.35004.147
MinimumVisualStudioVersion = 10.0.40219.1
Project("{FAE04EC0-301F-11D3-BF4B-00C04F79EFBC}") = "DVLDPresentationLayer", "DVLDPresentationLayer.csproj", "{A6348730-2877-4722-8A9D-EFE0C894840E}"
EndProject
Project("{FAE04EC0-301F-11D3-BF4B-00C04F79EFBC}") = "DVLDDataAccessLayer", "..\ClassLibrary1\DVLDDataAccessLayer.csproj", "{2D9996C4-B009-4EA1-A5AA-7951BC0DCD03}"
EndProject
Project("{FAE04EC0-301F-11D3-BF4B-00C04F79EFBC}") = "DVLDBussinessLayer", "..\DVLDBussinessLayer\DVLDBussinessLayer.csproj", "{E95BBF49-DAC2-4171-A8B4-D86510766B0C}"
EndProject
Project("{FAE04EC0-301F-11D3-BF4B-00C04F79EFBC}") = "SharedDvldClasses", "..\ClassLibrary2\SharedDvldClasses.csproj", "{8495A976-4FEB-42C9-A76C-EF2D8E99F6E3}"
EndProject
Global
	GlobalSection(SolutionConfigurationPlatforms) = preSolution
		Debug|Any CPU = Debug|Any CPU
		Release|Any CPU = Release|Any CPU
	EndGlobalSection
	GlobalSection(ProjectConfigurationPlatforms) = postSolution
		{A6348730-2877-4722-8A9D-EFE0C894840E}.Debug|Any CPU.ActiveCfg = Debug|Any CPU
		{A6348730-2877-4722-8A9D-EFE0C894840E}.Debug|Any CPU.Build.0 = Debug|Any CPU
		{A6348730-2877-4722-8A9D-EFE0C894840E}.Release|Any CPU.ActiveCfg = Release|Any CPU
		{A6348730-2877-4722-8A9D-EFE0C894840E}.Release|Any CPU.Build.0 = Release|Any CPU
		{2D9996C4-B009-4EA1-A5AA-7951BC0DCD03}.Debug|Any CPU.ActiveCfg = Debug|Any CPU
		{2D9996C4-B009-4EA1-A5AA-7951BC0DCD03}.Debug|Any CPU.Build.0 = Debug|Any CPU
		{2D9996C4-B009-4EA1-A5AA-7951BC0DCD03}.Release|Any CPU.ActiveCfg = Release|Any CPU
		{2D9996C4-B009-4EA1-A5AA-7951BC0DCD03}.Release|Any CPU.Build.0 = Release|Any CPU
		{E95BBF49-DAC2-4171-A8B4-D86510766B0C}.Debug|Any CPU.ActiveCfg = Debug|Any CPU
		{E95BBF49-DAC2-4171-A8B4-D86510766B0C}.Debug|Any CPU.Build.0 = Debug|Any CPU
		{E95BBF49-DAC2-4171-A8B4-D86510766B0C}.Release|Any CPU.ActiveCfg = Release|Any CPU
		{E95BBF49-DAC2-4171-A8B4-D86510766B0C}.Release|Any CPU.Build.0 = Release|Any CPU
		{8495A976-4FEB-42C9-A76C-EF2D8E99F6E3}.Debug|Any CPU.ActiveCfg = Debug|Any CPU
		{8495A976-4FEB-42C9-A76C-EF2D8E99F6E3}.Debug|Any CPU.Build.0 = Debug|Any CPU
		{8495A976-4FEB-42C9-A76C-EF2D8E99F6E3}.Release|Any CPU.ActiveCfg = Release|Any CPU
		{8495A976-4FEB-42C9-A76C-EF2D8E99F6E3}.Release|Any CPU.Build.0 = Release|Any CPU
	EndGlobalSection
	GlobalSection(SolutionProperties) = preSolution
		HideSolutionNode = FALSE
	EndGlobalSection
	GlobalSection(ExtensibilityGlobals) = postSolution
		SolutionGuid = {7366EE71-807A-4AE3-94BA-282EE380E066}
	EndGlobalSection
EndGlobal
